
Microsoft Visual Studio Solution File, Format Version 12.00
# Visual Studio Version 17
VisualStudioVersion = 17.1.32407.343
MinimumVisualStudioVersion = 10.0.40219.1
Project("{FAE04EC0-301F-11D3-BF4B-00C04F79EFBC}") = "Queue_ArrayList", "Queue_ArrayList\Queue_ArrayList.csproj", "{8DB5D3E5-ED07-45AB-BBF4-A94689783A9D}"
EndProject
Global
	GlobalSection(SolutionConfigurationPlatforms) = preSolution
		Debug|Any CPU = Debug|Any CPU
		Release|Any CPU = Release|Any CPU
	EndGlobalSection
	GlobalSection(ProjectConfigurationPlatforms) = postSolution
		{8DB5D3E5-ED07-45AB-BBF4-A94689783A9D}.Debug|Any CPU.ActiveCfg = Debug|Any CPU
		{8DB5D3E5-ED07-45AB-BBF4-A94689783A9D}.Debug|Any CPU.Build.0 = Debug|Any CPU
		{8DB5D3E5-ED07-45AB-BBF4-A94689783A9D}.Release|Any CPU.ActiveCfg = Release|Any CPU
		{8DB5D3E5-ED07-45AB-BBF4-A94689783A9D}.Release|Any CPU.Build.0 = Release|Any CPU
	EndGlobalSection
	GlobalSection(SolutionProperties) = preSolution
		HideSolutionNode = FALSE
	EndGlobalSection
	GlobalSection(ExtensibilityGlobals) = postSolution
		SolutionGuid = {FB7621DB-18DB-4CBD-A3CB-8C3EB2C88148}
	EndGlobalSection
EndGlobal
